schema: '2.0'
stages:
  update_biobricks_dependencies:
    cmd: uv run stages/00_update_biobricks_deps.sh
    deps:
    - path: stages/00_update_biobricks_deps.sh
      hash: md5
      md5: 9efdfd61fbc69ea6592d7b4e5a3c871d
      size: 153
      isexec: true
  process:
    cmd: stages/01_download.sh
    deps:
    - path: stages/01_download.sh
      hash: md5
      md5: cc3c3a199c7761331e58325a8d41e17e
      size: 1577
      isexec: true
    outs:
    - path: stages/aux/CID-Synonym-filtered
      hash: md5
      md5: 4b7d8aa4d04cbd7ec50a73d4663540c9
      size: 3985032078
  biobricks_init:
    cmd: stages/00_biobricks_init.sh
    deps:
    - path: stages/00_biobricks_init.sh
      hash: md5
      md5: 9efdfd61fbc69ea6592d7b4e5a3c871d
      size: 153
      isexec: true
  sider:
    cmd: uv run python3 stages/02_sider.py
    deps:
    - path: stages/02_sider.py
      hash: md5
      md5: 47aa2335aa71d2a4fac59ca48137ef16
      size: 10669
    - path: stages/aux
      hash: md5
      md5: 07f78f8eaf5be7b1fa1ec28dcdcaf424.dir
      size: 3985043642
      nfiles: 6
    outs:
    - path: brick/drugs@fda.ttl
      hash: md5
      md5: 5c225f76b845b37b37d41add4014ecc4
      size: 3092392
