schema: '2.0'
stages:
  update_biobricks_dependencies:
    cmd: uv run stages/00_update_biobricks_deps.sh
    deps:
    - path: stages/00_update_biobricks_deps.sh
      hash: md5
      md5: 9efdfd61fbc69ea6592d7b4e5a3c871d
      size: 153
      isexec: true
  process:
    cmd: uv run python3 stages/01_process.py
    deps:
    - path: .bb/dependencies.txt
      hash: md5
      md5: aaae1b8918493bd50f929cc609f654d6
      size: 81
    - path: stages/01_process.py
      hash: md5
      md5: e7bd717341c646fe89c48f1a4ed06e1a
      size: 22239
      isexec: true
    - path: stages/predicates.py
      hash: md5
      md5: 5f404a5d171b9e914f319a34063a6344
      size: 9354
    outs:
    - path: cache/process
      hash: md5
      md5: 9c811f494abf5e37e795e1bdee9b279e.dir
      size: 118795175
      nfiles: 29
  biobricks_init:
    cmd: uv run stages/00_biobricks_init.sh
    deps:
    - path: stages/00_biobricks_init.sh
      hash: md5
      md5: 9efdfd61fbc69ea6592d7b4e5a3c871d
      size: 153
      isexec: true
